
Microsoft Visual Studio Solution File, Format Version 12.00
# Visual Studio Version 16
VisualStudioVersion = 16.0.30225.117
MinimumVisualStudioVersion = 10.0.40219.1
Project("{FAE04EC0-301F-11D3-BF4B-00C04F79EFBC}") = "01.SoftUniReception", "01.SoftUniReception\01.SoftUniReception.csproj", "{E720DC55-4B4D-49C6-B3DA-43F53A926411}"
EndProject
Project("{FAE04EC0-301F-11D3-BF4B-00C04F79EFBC}") = "02.ArrayModifier", "02.ArrayModifier\02.ArrayModifier.csproj", "{21995B1E-DD11-4F6A-A7E3-225F1EA6584A}"
EndProject
Project("{FAE04EC0-301F-11D3-BF4B-00C04F79EFBC}") = "03.Numbers", "03.Numbers\03.Numbers.csproj", "{ED595A8A-4F08-4658-8077-D9667CEAFA8D}"
EndProject
Global
	GlobalSection(SolutionConfigurationPlatforms) = preSolution
		Debug|Any CPU = Debug|Any CPU
		Release|Any CPU = Release|Any CPU
	EndGlobalSection
	GlobalSection(ProjectConfigurationPlatforms) = postSolution
		{E720DC55-4B4D-49C6-B3DA-43F53A926411}.Debug|Any CPU.ActiveCfg = Debug|Any CPU
		{E720DC55-4B4D-49C6-B3DA-43F53A926411}.Debug|Any CPU.Build.0 = Debug|Any CPU
		{E720DC55-4B4D-49C6-B3DA-43F53A926411}.Release|Any CPU.ActiveCfg = Release|Any CPU
		{E720DC55-4B4D-49C6-B3DA-43F53A926411}.Release|Any CPU.Build.0 = Release|Any CPU
		{21995B1E-DD11-4F6A-A7E3-225F1EA6584A}.Debug|Any CPU.ActiveCfg = Debug|Any CPU
		{21995B1E-DD11-4F6A-A7E3-225F1EA6584A}.Debug|Any CPU.Build.0 = Debug|Any CPU
		{21995B1E-DD11-4F6A-A7E3-225F1EA6584A}.Release|Any CPU.ActiveCfg = Release|Any CPU
		{21995B1E-DD11-4F6A-A7E3-225F1EA6584A}.Release|Any CPU.Build.0 = Release|Any CPU
		{ED595A8A-4F08-4658-8077-D9667CEAFA8D}.Debug|Any CPU.ActiveCfg = Debug|Any CPU
		{ED595A8A-4F08-4658-8077-D9667CEAFA8D}.Debug|Any CPU.Build.0 = Debug|Any CPU
		{ED595A8A-4F08-4658-8077-D9667CEAFA8D}.Release|Any CPU.ActiveCfg = Release|Any CPU
		{ED595A8A-4F08-4658-8077-D9667CEAFA8D}.Release|Any CPU.Build.0 = Release|Any CPU
	EndGlobalSection
	GlobalSection(SolutionProperties) = preSolution
		HideSolutionNode = FALSE
	EndGlobalSection
	GlobalSection(ExtensibilityGlobals) = postSolution
		SolutionGuid = {193C2D85-5C85-43E0-926C-2DC629FF2A02}
	EndGlobalSection
EndGlobal
