
Microsoft Visual Studio Solution File, Format Version 12.00
# Visual Studio Version 16
VisualStudioVersion = 16.0.30204.135
MinimumVisualStudioVersion = 10.0.40219.1
Project("{9A19103F-16F7-4668-BE54-9A1E7A4F7556}") = "01.BonusScoringSystem", "01.BonusScoringSystem\01.BonusScoringSystem.csproj", "{B138EC67-A89C-48AA-8837-7647E64013D6}"
EndProject
Project("{FAE04EC0-301F-11D3-BF4B-00C04F79EFBC}") = "02.MuOnline", "02.MuOnline\02.MuOnline.csproj", "{CA827782-ECFA-4D9E-931A-F6444095F49E}"
EndProject
Project("{FAE04EC0-301F-11D3-BF4B-00C04F79EFBC}") = "03.Inventory", "03.Inventory\03.Inventory.csproj", "{121D63F8-2515-4905-A78C-D5BA29D50443}"
EndProject
Global
	GlobalSection(SolutionConfigurationPlatforms) = preSolution
		Debug|Any CPU = Debug|Any CPU
		Release|Any CPU = Release|Any CPU
	EndGlobalSection
	GlobalSection(ProjectConfigurationPlatforms) = postSolution
		{B138EC67-A89C-48AA-8837-7647E64013D6}.Debug|Any CPU.ActiveCfg = Debug|Any CPU
		{B138EC67-A89C-48AA-8837-7647E64013D6}.Debug|Any CPU.Build.0 = Debug|Any CPU
		{B138EC67-A89C-48AA-8837-7647E64013D6}.Release|Any CPU.ActiveCfg = Release|Any CPU
		{B138EC67-A89C-48AA-8837-7647E64013D6}.Release|Any CPU.Build.0 = Release|Any CPU
		{CA827782-ECFA-4D9E-931A-F6444095F49E}.Debug|Any CPU.ActiveCfg = Debug|Any CPU
		{CA827782-ECFA-4D9E-931A-F6444095F49E}.Debug|Any CPU.Build.0 = Debug|Any CPU
		{CA827782-ECFA-4D9E-931A-F6444095F49E}.Release|Any CPU.ActiveCfg = Release|Any CPU
		{CA827782-ECFA-4D9E-931A-F6444095F49E}.Release|Any CPU.Build.0 = Release|Any CPU
		{121D63F8-2515-4905-A78C-D5BA29D50443}.Debug|Any CPU.ActiveCfg = Debug|Any CPU
		{121D63F8-2515-4905-A78C-D5BA29D50443}.Debug|Any CPU.Build.0 = Debug|Any CPU
		{121D63F8-2515-4905-A78C-D5BA29D50443}.Release|Any CPU.ActiveCfg = Release|Any CPU
		{121D63F8-2515-4905-A78C-D5BA29D50443}.Release|Any CPU.Build.0 = Release|Any CPU
	EndGlobalSection
	GlobalSection(SolutionProperties) = preSolution
		HideSolutionNode = FALSE
	EndGlobalSection
	GlobalSection(ExtensibilityGlobals) = postSolution
		SolutionGuid = {59FA3898-55DF-4927-9F81-01B7D685CC6B}
	EndGlobalSection
EndGlobal
