
Microsoft Visual Studio Solution File, Format Version 12.00
# Visual Studio Version 16
VisualStudioVersion = 16.0.30320.27
MinimumVisualStudioVersion = 10.0.40219.1
Project("{FAE04EC0-301F-11D3-BF4B-00C04F79EFBC}") = "01.SecretChat", "01.SecretChat\01.SecretChat.csproj", "{0DFD3022-51BA-4857-9557-990D917685A0}"
EndProject
Project("{FAE04EC0-301F-11D3-BF4B-00C04F79EFBC}") = "02.MirrorWords", "02.MirrorWords\02.MirrorWords.csproj", "{D3D2CB47-7ED6-4A87-BF58-9FD7191AE3A4}"
EndProject
Project("{FAE04EC0-301F-11D3-BF4B-00C04F79EFBC}") = "03.NeedForSpeed", "03.NeedForSpeed\03.NeedForSpeed.csproj", "{91B7379D-492A-45A4-8C8C-CAD394796F8A}"
EndProject
Global
	GlobalSection(SolutionConfigurationPlatforms) = preSolution
		Debug|Any CPU = Debug|Any CPU
		Release|Any CPU = Release|Any CPU
	EndGlobalSection
	GlobalSection(ProjectConfigurationPlatforms) = postSolution
		{0DFD3022-51BA-4857-9557-990D917685A0}.Debug|Any CPU.ActiveCfg = Debug|Any CPU
		{0DFD3022-51BA-4857-9557-990D917685A0}.Debug|Any CPU.Build.0 = Debug|Any CPU
		{0DFD3022-51BA-4857-9557-990D917685A0}.Release|Any CPU.ActiveCfg = Release|Any CPU
		{0DFD3022-51BA-4857-9557-990D917685A0}.Release|Any CPU.Build.0 = Release|Any CPU
		{D3D2CB47-7ED6-4A87-BF58-9FD7191AE3A4}.Debug|Any CPU.ActiveCfg = Debug|Any CPU
		{D3D2CB47-7ED6-4A87-BF58-9FD7191AE3A4}.Debug|Any CPU.Build.0 = Debug|Any CPU
		{D3D2CB47-7ED6-4A87-BF58-9FD7191AE3A4}.Release|Any CPU.ActiveCfg = Release|Any CPU
		{D3D2CB47-7ED6-4A87-BF58-9FD7191AE3A4}.Release|Any CPU.Build.0 = Release|Any CPU
		{91B7379D-492A-45A4-8C8C-CAD394796F8A}.Debug|Any CPU.ActiveCfg = Debug|Any CPU
		{91B7379D-492A-45A4-8C8C-CAD394796F8A}.Debug|Any CPU.Build.0 = Debug|Any CPU
		{91B7379D-492A-45A4-8C8C-CAD394796F8A}.Release|Any CPU.ActiveCfg = Release|Any CPU
		{91B7379D-492A-45A4-8C8C-CAD394796F8A}.Release|Any CPU.Build.0 = Release|Any CPU
	EndGlobalSection
	GlobalSection(SolutionProperties) = preSolution
		HideSolutionNode = FALSE
	EndGlobalSection
	GlobalSection(ExtensibilityGlobals) = postSolution
		SolutionGuid = {17F81D66-99E4-425E-96ED-3813F4D666FC}
	EndGlobalSection
EndGlobal
